// !$*UTF8*$!
{
	archiveVersion = 1;
	classes = {
	};
	objectVersion = 48;
	objects = {

/* Begin PBXBuildFile section */
		14F915C520ABD9F800875467 /* AppDelegate.m in Sources */ = {isa = PBXBuildFile; fileRef = 14F915C420ABD9F800875467 /* AppDelegate.m */; };
		14F915C820ABD9F800875467 /* ViewController.m in Sources */ = {isa = PBXBuildFile; fileRef = 14F915C720ABD9F800875467 /* ViewController.m */; };
		14F915CB20ABD9F800875467 /* Main.storyboard in Resources */ = {isa = PBXBuildFile; fileRef = 14F915C920ABD9F800875467 /* Main.storyboard */; };
		14F915CD20ABD9F800875467 /* Assets.xcassets in Resources */ = {isa = PBXBuildFile; fileRef = 14F915CC20ABD9F800875467 /* Assets.xcassets */; };
		14F915D020ABD9F800875467 /* LaunchScreen.storyboard in Resources */ = {isa = PBXBuildFile; fileRef = 14F915CE20ABD9F800875467 /* LaunchScreen.storyboard */; };
		14F915D320ABD9F800875467 /* main.m in Sources */ = {isa = PBXBuildFile; fileRef = 14F915D220ABD9F800875467 /* main.m */; };
		14F915DD20ABD9F900875467 /* ExtendedTests.m in Sources */ = {isa = PBXBuildFile; fileRef = 14F915DC20ABD9F900875467 /* ExtendedTests.m */; };
		14F915E820ABD9F900875467 /* ExtendedUITests.m in Sources */ = {isa = PBXBuildFile; fileRef = 14F915E720ABD9F900875467 /* ExtendedUITests.m */; };
		14F915F720ABDA1F00875467 /* UILabel+Extended.m in Sources */ = {isa = PBXBuildFile; fileRef = 14F915F620ABDA1F00875467 /* UILabel+Extended.m */; };
/* End PBXBuildFile section */

/* Begin PBXContainerItemProxy section */
		14F915D920ABD9F900875467 /* PBXContainerItemProxy */ = {
			isa = PBXContainerItemProxy;
			containerPortal = 14F915B820ABD9F800875467 /* Project object */;
			proxyType = 1;
			remoteGlobalIDString = 14F915BF20ABD9F800875467;
			remoteInfo = Extended;
		};
		14F915E420ABD9F900875467 /* PBXContainerItemProxy */ = {
			isa = PBXContainerItemProxy;
			containerPortal = 14F915B820ABD9F800875467 /* Project object */;
			proxyType = 1;
			remoteGlobalIDString = 14F915BF20ABD9F800875467;
			remoteInfo = Extended;
		};
/* End PBXContainerItemProxy section */

/* Begin PBXFileReference section */
		14F915C020ABD9F800875467 /* Extended.app */ = {isa = PBXFileReference; explicitFileType = wrapper.application; includeInIndex = 0; path = Extended.app; sourceTree = BUILT_PRODUCTS_DIR; };
		14F915C320ABD9F800875467 /* AppDelegate.h */ = {isa = PBXFileReference; lastKnownFileType = sourcecode.c.h; path = AppDelegate.h; sourceTree = "<group>"; };
		14F915C420ABD9F800875467 /* AppDelegate.m */ = {isa = PBXFileReference; lastKnownFileType = sourcecode.c.objc; path = AppDelegate.m; sourceTree = "<group>"; };
		14F915C620ABD9F800875467 /* ViewController.h */ = {isa = PBXFileReference; lastKnownFileType = sourcecode.c.h; path = ViewController.h; sourceTree = "<group>"; };
		14F915C720ABD9F800875467 /* ViewController.m */ = {isa = PBXFileReference; lastKnownFileType = sourcecode.c.objc; path = ViewController.m; sourceTree = "<group>"; };
		14F915CA20ABD9F800875467 /* Base */ = {isa = PBXFileReference; lastKnownFileType = file.storyboard; name = Base; path = Base.lproj/Main.storyboard; sourceTree = "<group>"; };
		14F915CC20ABD9F800875467 /* Assets.xcassets */ = {isa = PBXFileReference; lastKnownFileType = folder.assetcatalog; path = Assets.xcassets; sourceTree = "<group>"; };
		14F915CF20ABD9F800875467 /* Base */ = {isa = PBXFileReference; lastKnownFileType = file.storyboard; name = Base; path = Base.lproj/LaunchScreen.storyboard; sourceTree = "<group>"; };
		14F915D120ABD9F800875467 /* Info.plist */ = {isa = PBXFileReference; lastKnownFileType = text.plist.xml; path = Info.plist; sourceTree = "<group>"; };
		14F915D220ABD9F800875467 /* main.m */ = {isa = PBXFileReference; lastKnownFileType = sourcecode.c.objc; path = main.m; sourceTree = "<group>"; };
		14F915D820ABD9F800875467 /* ExtendedTests.xctest */ = {isa = PBXFileReference; explicitFileType = wrapper.cfbundle; includeInIndex = 0; path = ExtendedTests.xctest; sourceTree = BUILT_PRODUCTS_DIR; };
		14F915DC20ABD9F900875467 /* ExtendedTests.m */ = {isa = PBXFileReference; lastKnownFileType = sourcecode.c.objc; path = ExtendedTests.m; sourceTree = "<group>"; };
		14F915DE20ABD9F900875467 /* Info.plist */ = {isa = PBXFileReference; lastKnownFileType = text.plist.xml; path = Info.plist; sourceTree = "<group>"; };
		14F915E320ABD9F900875467 /* ExtendedUITests.xctest */ = {isa = PBXFileReference; explicitFileType = wrapper.cfbundle; includeInIndex = 0; path = ExtendedUITests.xctest; sourceTree = BUILT_PRODUCTS_DIR; };
		14F915E720ABD9F900875467 /* ExtendedUITests.m */ = {isa = PBXFileReference; lastKnownFileType = sourcecode.c.objc; path = ExtendedUITests.m; sourceTree = "<group>"; };
		14F915E920ABD9F900875467 /* Info.plist */ = {isa = PBXFileReference; lastKnownFileType = text.plist.xml; path = Info.plist; sourceTree = "<group>"; };
		14F915F520ABDA1F00875467 /* UILabel+Extended.h */ = {isa = PBXFileReference; fileEncoding = 4; lastKnownFileType = sourcecode.c.h; path = "UILabel+Extended.h"; sourceTree = "<group>"; };
		14F915F620ABDA1F00875467 /* UILabel+Extended.m */ = {isa = PBXFileReference; fileEncoding = 4; lastKnownFileType = sourcecode.c.objc; path = "UILabel+Extended.m"; sourceTree = "<group>"; };
/* End PBXFileReference section */

/* Begin PBXFrameworksBuildPhase section */
		14F915BD20ABD9F800875467 /* Frameworks */ = {
			isa = PBXFrameworksBuildPhase;
			buildActionMask = 2147483647;
			files = (
			);
			runOnlyForDeploymentPostprocessing = 0;
		};
		14F915D520ABD9F800875467 /* Frameworks */ = {
			isa = PBXFrameworksBuildPhase;
			buildActionMask = 2147483647;
			files = (
			);
			runOnlyForDeploymentPostprocessing = 0;
		};
		14F915E020ABD9F900875467 /* Frameworks */ = {
			isa = PBXFrameworksBuildPhase;
			buildActionMask = 2147483647;
			files = (
			);
			runOnlyForDeploymentPostprocessing = 0;
		};
/* End PBXFrameworksBuildPhase section */

/* Begin PBXGroup section */
		14F915B720ABD9F800875467 = {
			isa = PBXGroup;
			children = (
				14F915C220ABD9F800875467 /* Extended */,
				14F915DB20ABD9F900875467 /* ExtendedTests */,
				14F915E620ABD9F900875467 /* ExtendedUITests */,
				14F915C120ABD9F800875467 /* Products */,
			);
			sourceTree = "<group>";
		};
		14F915C120ABD9F800875467 /* Products */ = {
			isa = PBXGroup;
			children = (
				14F915C020ABD9F800875467 /* Extended.app */,
				14F915D820ABD9F800875467 /* ExtendedTests.xctest */,
				14F915E320ABD9F900875467 /* ExtendedUITests.xctest */,
			);
			name = Products;
			sourceTree = "<group>";
		};
		14F915C220ABD9F800875467 /* Extended */ = {
			isa = PBXGroup;
			children = (
				14F915F520ABDA1F00875467 /* UILabel+Extended.h */,
				14F915F620ABDA1F00875467 /* UILabel+Extended.m */,
				14F915C320ABD9F800875467 /* AppDelegate.h */,
				14F915C420ABD9F800875467 /* AppDelegate.m */,
				14F915C620ABD9F800875467 /* ViewController.h */,
				14F915C720ABD9F800875467 /* ViewController.m */,
				14F915C920ABD9F800875467 /* Main.storyboard */,
				14F915CC20ABD9F800875467 /* Assets.xcassets */,
				14F915CE20ABD9F800875467 /* LaunchScreen.storyboard */,
				14F915D120ABD9F800875467 /* Info.plist */,
				14F915D220ABD9F800875467 /* main.m */,
			);
			path = Extended;
			sourceTree = "<group>";
		};
		14F915DB20ABD9F900875467 /* ExtendedTests */ = {
			isa = PBXGroup;
			children = (
				14F915DC20ABD9F900875467 /* ExtendedTests.m */,
				14F915DE20ABD9F900875467 /* Info.plist */,
			);
			path = ExtendedTests;
			sourceTree = "<group>";
		};
		14F915E620ABD9F900875467 /* ExtendedUITests */ = {
			isa = PBXGroup;
			children = (
				14F915E720ABD9F900875467 /* ExtendedUITests.m */,
				14F915E920ABD9F900875467 /* Info.plist */,
			);
			path = ExtendedUITests;
			sourceTree = "<group>";
		};
/* End PBXGroup section */

/* Begin PBXNativeTarget section */
		14F915BF20ABD9F800875467 /* Extended */ = {
			isa = PBXNativeTarget;
			buildConfigurationList = 14F915EC20ABD9F900875467 /* Build configuration list for PBXNativeTarget "Extended" */;
			buildPhases = (
				14F915BC20ABD9F800875467 /* Sources */,
				14F915BD20ABD9F800875467 /* Frameworks */,
				14F915BE20ABD9F800875467 /* Resources */,
			);
			buildRules = (
			);
			dependencies = (
			);
			name = Extended;
			productName = Extended;
			productReference = 14F915C020ABD9F800875467 /* Extended.app */;
			productType = "com.apple.product-type.application";
		};
		14F915D720ABD9F800875467 /* ExtendedTests */ = {
			isa = PBXNativeTarget;
			buildConfigurationList = 14F915EF20ABD9F900875467 /* Build configuration list for PBXNativeTarget "ExtendedTests" */;
			buildPhases = (
				14F915D420ABD9F800875467 /* Sources */,
				14F915D520ABD9F800875467 /* Frameworks */,
				14F915D620ABD9F800875467 /* Resources */,
			);
			buildRules = (
			);
			dependencies = (
				14F915DA20ABD9F900875467 /* PBXTargetDependency */,
			);
			name = ExtendedTests;
			productName = ExtendedTests;
			productReference = 14F915D820ABD9F800875467 /* ExtendedTests.xctest */;
			productType = "com.apple.product-type.bundle.unit-test";
		};
		14F915E220ABD9F900875467 /* ExtendedUITests */ = {
			isa = PBXNativeTarget;
			buildConfigurationList = 14F915F220ABD9F900875467 /* Build configuration list for PBXNativeTarget "ExtendedUITests" */;
			buildPhases = (
				14F915DF20ABD9F900875467 /* Sources */,
				14F915E020ABD9F900875467 /* Frameworks */,
				14F915E120ABD9F900875467 /* Resources */,
			);
			buildRules = (
			);
			dependencies = (
				14F915E520ABD9F900875467 /* PBXTargetDependency */,
			);
			name = ExtendedUITests;
			productName = ExtendedUITests;
			productReference = 14F915E320ABD9F900875467 /* ExtendedUITests.xctest */;
			productType = "com.apple.product-type.bundle.ui-testing";
		};
/* End PBXNativeTarget section */

/* Begin PBXProject section */
		14F915B820ABD9F800875467 /* Project object */ = {
			isa = PBXProject;
			attributes = {
				LastUpgradeCheck = 0920;
				ORGANIZATIONNAME = zack;
				TargetAttributes = {
					14F915BF20ABD9F800875467 = {
						CreatedOnToolsVersion = 9.2;
						ProvisioningStyle = Automatic;
					};
					14F915D720ABD9F800875467 = {
						CreatedOnToolsVersion = 9.2;
						ProvisioningStyle = Automatic;
						TestTargetID = 14F915BF20ABD9F800875467;
					};
					14F915E220ABD9F900875467 = {
						CreatedOnToolsVersion = 9.2;
						ProvisioningStyle = Automatic;
						TestTargetID = 14F915BF20ABD9F800875467;
					};
				};
			};
			buildConfigurationList = 14F915BB20ABD9F800875467 /* Build configuration list for PBXProject "Extended" */;
			compatibilityVersion = "Xcode 8.0";
			developmentRegion = en;
			hasScannedForEncodings = 0;
			knownRegions = (
				en,
				Base,
			);
			mainGroup = 14F915B720ABD9F800875467;
			productRefGroup = 14F915C120ABD9F800875467 /* Products */;
			projectDirPath = "";
			projectRoot = "";
			targets = (
				14F915BF20ABD9F800875467 /* Extended */,
				14F915D720ABD9F800875467 /* ExtendedTests */,
				14F915E220ABD9F900875467 /* ExtendedUITests */,
			);
		};
/* End PBXProject section */

/* Begin PBXResourcesBuildPhase section */
		14F915BE20ABD9F800875467 /* Resources */ = {
			isa = PBXResourcesBuildPhase;
			buildActionMask = 2147483647;
			files = (
				14F915D020ABD9F800875467 /* LaunchScreen.storyboard in Resources */,
				14F915CD20ABD9F800875467 /* Assets.xcassets in Resources */,
				14F915CB20ABD9F800875467 /* Main.storyboard in Resources */,
			);
			runOnlyForDeploymentPostprocessing = 0;
		};
		14F915D620ABD9F800875467 /* Resources */ = {
			isa = PBXResourcesBuildPhase;
			buildActionMask = 2147483647;
			files = (
			);
			runOnlyForDeploymentPostprocessing = 0;
		};
		14F915E120ABD9F900875467 /* Resources */ = {
			isa = PBXResourcesBuildPhase;
			buildActionMask = 2147483647;
			files = (
			);
			runOnlyForDeploymentPostprocessing = 0;
		};
/* End PBXResourcesBuildPhase section */

/* Begin PBXSourcesBuildPhase section */
		14F915BC20ABD9F800875467 /* Sources */ = {
			isa = PBXSourcesBuildPhase;
			buildActionMask = 2147483647;
			files = (
				14F915C820ABD9F800875467 /* ViewController.m in Sources */,
				14F915D320ABD9F800875467 /* main.m in Sources */,
				14F915C520ABD9F800875467 /* AppDelegate.m in Sources */,
				14F915F720ABDA1F00875467 /* UILabel+Extended.m in Sources */,
			);
			runOnlyForDeploymentPostprocessing = 0;
		};
		14F915D420ABD9F800875467 /* Sources */ = {
			isa = PBXSourcesBuildPhase;
			buildActionMask = 2147483647;
			files = (
				14F915DD20ABD9F900875467 /* ExtendedTests.m in Sources */,
			);
			runOnlyForDeploymentPostprocessing = 0;
		};
		14F915DF20ABD9F900875467 /* Sources */ = {
			isa = PBXSourcesBuildPhase;
			buildActionMask = 2147483647;
			files = (
				14F915E820ABD9F900875467 /* ExtendedUITests.m in Sources */,
			);
			runOnlyForDeploymentPostprocessing = 0;
		};
/* End PBXSourcesBuildPhase section */

/* Begin PBXTargetDependency section */
		14F915DA20ABD9F900875467 /* PBXTargetDependency */ = {
			isa = PBXTargetDependency;
			target = 14F915BF20ABD9F800875467 /* Extended */;
			targetProxy = 14F915D920ABD9F900875467 /* PBXContainerItemProxy */;
		};
		14F915E520ABD9F900875467 /* PBXTargetDependency */ = {
			isa = PBXTargetDependency;
			target = 14F915BF20ABD9F800875467 /* Extended */;
			targetProxy = 14F915E420ABD9F900875467 /* PBXContainerItemProxy */;
		};
/* End PBXTargetDependency section */

/* Begin PBXVariantGroup section */
		14F915C920ABD9F800875467 /* Main.storyboard */ = {
			isa = PBXVariantGroup;
			children = (
				14F915CA20ABD9F800875467 /* Base */,
			);
			name = Main.storyboard;
			sourceTree = "<group>";
		};
		14F915CE20ABD9F800875467 /* LaunchScreen.storyboard */ = {
			isa = PBXVariantGroup;
			children = (
				14F915CF20ABD9F800875467 /* Base */,
			);
			name = LaunchScreen.storyboard;
			sourceTree = "<group>";
		};
/* End PBXVariantGroup section */

/* Begin XCBuildConfiguration section */
		14F915EA20ABD9F900875467 /* Debug */ = {
			isa = XCBuildConfiguration;
			buildSettings = {
				ALWAYS_SEARCH_USER_PATHS = NO;
				CLANG_ANALYZER_NONNULL = YES;
				CLANG_ANALYZER_NUMBER_OBJECT_CONVERSION = YES_AGGRESSIVE;
				CLANG_CXX_LANGUAGE_STANDARD = "gnu++14";
				CLANG_CXX_LIBRARY = "libc++";
				CLANG_ENABLE_MODULES = YES;
				CLANG_ENABLE_OBJC_ARC = YES;
				CLANG_WARN_BLOCK_CAPTURE_AUTORELEASING = YES;
				CLANG_WARN_BOOL_CONVERSION = YES;
				CLANG_WARN_COMMA = YES;
				CLANG_WARN_CONSTANT_CONVERSION = YES;
				CLANG_WARN_DIRECT_OBJC_ISA_USAGE = YES_ERROR;
				CLANG_WARN_DOCUMENTATION_COMMENTS = YES;
				CLANG_WARN_EMPTY_BODY = YES;
				CLANG_WARN_ENUM_CONVERSION = YES;
				CLANG_WARN_INFINITE_RECURSION = YES;
				CLANG_WARN_INT_CONVERSION = YES;
				CLANG_WARN_NON_LITERAL_NULL_CONVERSION = YES;
				CLANG_WARN_OBJC_LITERAL_CONVERSION = YES;
				CLANG_WARN_OBJC_ROOT_CLASS = YES_ERROR;
				CLANG_WARN_RANGE_LOOP_ANALYSIS = YES;
				CLANG_WARN_STRICT_PROTOTYPES = YES;
				CLANG_WARN_SUSPICIOUS_MOVE = YES;
				CLANG_WARN_UNGUARDED_AVAILABILITY = YES_AGGRESSIVE;
				CLANG_WARN_UNREACHABLE_CODE = YES;
				CLANG_WARN__DUPLICATE_METHOD_MATCH = YES;
				CODE_SIGN_IDENTITY = "iPhone Developer";
				COPY_PHASE_STRIP = NO;
				DEBUG_INFORMATION_FORMAT = dwarf;
				ENABLE_STRICT_OBJC_MSGSEND = YES;
				ENABLE_TESTABILITY = YES;
				GCC_C_LANGUAGE_STANDARD = gnu11;
				GCC_DYNAMIC_NO_PIC = NO;
				GCC_NO_COMMON_BLOCKS = YES;
				GCC_OPTIMIZATION_LEVEL = 0;
				GCC_PREPROCESSOR_DEFINITIONS = (
					"DEBUG=1",
					"$(inherited)",
				);
				GCC_WARN_64_TO_32_BIT_CONVERSION = YES;
				GCC_WARN_ABOUT_RETURN_TYPE = YES_ERROR;
				GCC_WARN_UNDECLARED_SELECTOR = YES;
				GCC_WARN_UNINITIALIZED_AUTOS = YES_AGGRESSIVE;
				GCC_WARN_UNUSED_FUNCTION = YES;
				GCC_WARN_UNUSED_VARIABLE = YES;
				IPHONEOS_DEPLOYMENT_TARGET = 11.2;
				MTL_ENABLE_DEBUG_INFO = YES;
				ONLY_ACTIVE_ARCH = YES;
				SDKROOT = iphoneos;
			};
			name = Debug;
		};
		14F915EB20ABD9F900875467 /* Release */ = {
			isa = XCBuildConfiguration;
			buildSettings = {
				ALWAYS_SEARCH_USER_PATHS = NO;
				CLANG_ANALYZER_NONNULL = YES;
				CLANG_ANALYZER_NUMBER_OBJECT_CONVERSION = YES_AGGRESSIVE;
				CLANG_CXX_LANGUAGE_STANDARD = "gnu++14";
				CLANG_CXX_LIBRARY = "libc++";
				CLANG_ENABLE_MODULES = YES;
				CLANG_ENABLE_OBJC_ARC = YES;
				CLANG_WARN_BLOCK_CAPTURE_AUTORELEASING = YES;
				CLANG_WARN_BOOL_CONVERSION = YES;
				CLANG_WARN_COMMA = YES;
				CLANG_WARN_CONSTANT_CONVERSION = YES;
				CLANG_WARN_DIRECT_OBJC_ISA_USAGE = YES_ERROR;
				CLANG_WARN_DOCUMENTATION_COMMENTS = YES;
				CLANG_WARN_EMPTY_BODY = YES;
				CLANG_WARN_ENUM_CONVERSION = YES;
				CLANG_WARN_INFINITE_RECURSION = YES;
				CLANG_WARN_INT_CONVERSION = YES;
				CLANG_WARN_NON_LITERAL_NULL_CONVERSION = YES;
				CLANG_WARN_OBJC_LITERAL_CONVERSION = YES;
				CLANG_WARN_OBJC_ROOT_CLASS = YES_ERROR;
				CLANG_WARN_RANGE_LOOP_ANALYSIS = YES;
				CLANG_WARN_STRICT_PROTOTYPES = YES;
				CLANG_WARN_SUSPICIOUS_MOVE = YES;
				CLANG_WARN_UNGUARDED_AVAILABILITY = YES_AGGRESSIVE;
				CLANG_WARN_UNREACHABLE_CODE = YES;
				CLANG_WARN__DUPLICATE_METHOD_MATCH = YES;
				CODE_SIGN_IDENTITY = "iPhone Developer";
				COPY_PHASE_STRIP = NO;
				DEBUG_INFORMATION_FORMAT = "dwarf-with-dsym";
				ENABLE_NS_ASSERTIONS = NO;
				ENABLE_STRICT_OBJC_MSGSEND = YES;
				GCC_C_LANGUAGE_STANDARD = gnu11;
				GCC_NO_COMMON_BLOCKS = YES;
				GCC_WARN_64_TO_32_BIT_CONVERSION = YES;
				GCC_WARN_ABOUT_RETURN_TYPE = YES_ERROR;
				GCC_WARN_UNDECLARED_SELECTOR = YES;
				GCC_WARN_UNINITIALIZED_AUTOS = YES_AGGRESSIVE;
				GCC_WARN_UNUSED_FUNCTION = YES;
				GCC_WARN_UNUSED_VARIABLE = YES;
				IPHONEOS_DEPLOYMENT_TARGET = 11.2;
				MTL_ENABLE_DEBUG_INFO = NO;
				SDKROOT = iphoneos;
				VALIDATE_PRODUCT = YES;
			};
			name = Release;
		};
		14F915ED20ABD9F900875467 /* Debug */ = {
			isa = XCBuildConfiguration;
			buildSettings = {
				ASSETCATALOG_COMPILER_APPICON_NAME = AppIcon;
				CODE_SIGN_STYLE = Automatic;
				INFOPLIST_FILE = Extended/Info.plist;
				LD_RUNPATH_SEARCH_PATHS = "$(inherited) @executable_path/Frameworks";
				PRODUCT_BUNDLE_IDENTIFIER = zack.Extended;
				PRODUCT_NAME = "$(TARGET_NAME)";
				TARGETED_DEVICE_FAMILY = "1,2";
			};
			name = Debug;
		};
		14F915EE20ABD9F900875467 /* Release */ = {
			isa = XCBuildConfiguration;
			buildSettings = {
				ASSETCATALOG_COMPILER_APPICON_NAME = AppIcon;
				CODE_SIGN_STYLE = Automatic;
				INFOPLIST_FILE = Extended/Info.plist;
				LD_RUNPATH_SEARCH_PATHS = "$(inherited) @executable_path/Frameworks";
				PRODUCT_BUNDLE_IDENTIFIER = zack.Extended;
				PRODUCT_NAME = "$(TARGET_NAME)";
				TARGETED_DEVICE_FAMILY = "1,2";
			};
			name = Release;
		};
		14F915F020ABD9F900875467 /* Debug */ = {
			isa = XCBuildConfiguration;
			buildSettings = {
				BUNDLE_LOADER = "$(TEST_HOST)";
				CODE_SIGN_STYLE = Automatic;
				INFOPLIST_FILE = ExtendedTests/Info.plist;
				LD_RUNPATH_SEARCH_PATHS = "$(inherited) @executable_path/Frameworks @loader_path/Frameworks";
				PRODUCT_BUNDLE_IDENTIFIER = zack.ExtendedTests;
				PRODUCT_NAME = "$(TARGET_NAME)";
				TARGETED_DEVICE_FAMILY = "1,2";
				TEST_HOST = "$(BUILT_PRODUCTS_DIR)/Extended.app/Extended";
			};
			name = Debug;
		};
		14F915F120ABD9F900875467 /* Release */ = {
			isa = XCBuildConfiguration;
			buildSettings = {
				BUNDLE_LOADER = "$(TEST_HOST)";
				CODE_SIGN_STYLE = Automatic;
				INFOPLIST_FILE = ExtendedTests/Info.plist;
				LD_RUNPATH_SEARCH_PATHS = "$(inherited) @executable_path/Frameworks @loader_path/Frameworks";
				PRODUCT_BUNDLE_IDENTIFIER = zack.ExtendedTests;
				PRODUCT_NAME = "$(TARGET_NAME)";
				TARGETED_DEVICE_FAMILY = "1,2";
				TEST_HOST = "$(BUILT_PRODUCTS_DIR)/Extended.app/Extended";
			};
			name = Release;
		};
		14F915F320ABD9F900875467 /* Debug */ = {
			isa = XCBuildConfiguration;
			buildSettings = {
				CODE_SIGN_STYLE = Automatic;
				INFOPLIST_FILE = ExtendedUITests/Info.plist;
				LD_RUNPATH_SEARCH_PATHS = "$(inherited) @executable_path/Frameworks @loader_path/Frameworks";
				PRODUCT_BUNDLE_IDENTIFIER = zack.ExtendedUITests;
				PRODUCT_NAME = "$(TARGET_NAME)";
				TARGETED_DEVICE_FAMILY = "1,2";
				TEST_TARGET_NAME = Extended;
			};
			name = Debug;
		};
		14F915F420ABD9F900875467 /* Release */ = {
			isa = XCBuildConfiguration;
			buildSettings = {
				CODE_SIGN_STYLE = Automatic;
				INFOPLIST_FILE = ExtendedUITests/Info.plist;
				LD_RUNPATH_SEARCH_PATHS = "$(inherited) @executable_path/Frameworks @loader_path/Frameworks";
				PRODUCT_BUNDLE_IDENTIFIER = zack.ExtendedUITests;
				PRODUCT_NAME = "$(TARGET_NAME)";
				TARGETED_DEVICE_FAMILY = "1,2";
				TEST_TARGET_NAME = Extended;
			};
			name = Release;
		};
/* End XCBuildConfiguration section */

/* Begin XCConfigurationList section */
		14F915BB20ABD9F800875467 /* Build configuration list for PBXProject "Extended" */ = {
			isa = XCConfigurationList;
			buildConfigurations = (
				14F915EA20ABD9F900875467 /* Debug */,
				14F915EB20ABD9F900875467 /* Release */,
			);
			defaultConfigurationIsVisible = 0;
			defaultConfigurationName = Release;
		};
		14F915EC20ABD9F900875467 /* Build configuration list for PBXNativeTarget "Extended" */ = {
			isa = XCConfigurationList;
			buildConfigurations = (
				14F915ED20ABD9F900875467 /* Debug */,
				14F915EE20ABD9F900875467 /* Release */,
			);
			defaultConfigurationIsVisible = 0;
			defaultConfigurationName = Release;
		};
		14F915EF20ABD9F900875467 /* Build configuration list for PBXNativeTarget "ExtendedTests" */ = {
			isa = XCConfigurationList;
			buildConfigurations = (
				14F915F020ABD9F900875467 /* Debug */,
				14F915F120ABD9F900875467 /* Release */,
			);
			defaultConfigurationIsVisible = 0;
			defaultConfigurationName = Release;
		};
		14F915F220ABD9F900875467 /* Build configuration list for PBXNativeTarget "ExtendedUITests" */ = {
			isa = XCConfigurationList;
			buildConfigurations = (
				14F915F320ABD9F900875467 /* Debug */,
				14F915F420ABD9F900875467 /* Release */,
			);
			defaultConfigurationIsVisible = 0;
			defaultConfigurationName = Release;
		};
/* End XCConfigurationList section */
	};
	rootObject = 14F915B820ABD9F800875467 /* Project object */;
}
